// !$*UTF8*$!
{
	archiveVersion = 1;
	classes = {
	};
	objectVersion = 46;
	objects = {

/* Begin PBXBuildFile section */
		A479DBD41C9C06E900EE8DE9 /* IBLImage.m in Sources */ = {isa = PBXBuildFile; fileRef = A479DBCC1C9C06E900EE8DE9 /* IBLImage.m */; };
		A479DBD51C9C06E900EE8DE9 /* IBLImageCenter.m in Sources */ = {isa = PBXBuildFile; fileRef = A479DBCE1C9C06E900EE8DE9 /* IBLImageCenter.m */; };
		A479DBD61C9C06E900EE8DE9 /* IBLImageView.m in Sources */ = {isa = PBXBuildFile; fileRef = A479DBD11C9C06E900EE8DE9 /* IBLImageView.m */; };
		A479DBD71C9C06E900EE8DE9 /* IBLRender.m in Sources */ = {isa = PBXBuildFile; fileRef = A479DBD31C9C06E900EE8DE9 /* IBLRender.m */; };
		A479DBD91C9C082600EE8DE9 /* IBLIGifImageview.h in CopyFiles */ = {isa = PBXBuildFile; fileRef = A479DBD81C9C07C500EE8DE9 /* IBLIGifImageview.h */; };
/* End PBXBuildFile section */

/* Begin PBXCopyFilesBuildPhase section */
		A479DBB81C9C068300EE8DE9 /* CopyFiles */ = {
			isa = PBXCopyFilesBuildPhase;
			buildActionMask = 2147483647;
			dstPath = "include/$(PRODUCT_NAME)";
			dstSubfolderSpec = 16;
			files = (
				A479DBD91C9C082600EE8DE9 /* IBLIGifImageview.h in CopyFiles */,
			);
			runOnlyForDeploymentPostprocessing = 0;
		};
/* End PBXCopyFilesBuildPhase section */

/* Begin PBXFileReference section */
		A479DBBA1C9C068300EE8DE9 /* libIBLImageview.a */ = {isa = PBXFileReference; explicitFileType = archive.ar; includeInIndex = 0; path = libIBLImageview.a; sourceTree = BUILT_PRODUCTS_DIR; };
		A479DBC91C9C06E900EE8DE9 /* IBLGIFImageView.h */ = {isa = PBXFileReference; fileEncoding = 4; lastKnownFileType = sourcecode.c.h; path = IBLGIFImageView.h; sourceTree = "<group>"; };
		A479DBCA1C9C06E900EE8DE9 /* IBLGifImageViewDefine.h */ = {isa = PBXFileReference; fileEncoding = 4; lastKnownFileType = sourcecode.c.h; path = IBLGifImageViewDefine.h; sourceTree = "<group>"; };
		A479DBCB1C9C06E900EE8DE9 /* IBLImage.h */ = {isa = PBXFileReference; fileEncoding = 4; lastKnownFileType = sourcecode.c.h; path = IBLImage.h; sourceTree = "<group>"; };
		A479DBCC1C9C06E900EE8DE9 /* IBLImage.m */ = {isa = PBXFileReference; fileEncoding = 4; lastKnownFileType = sourcecode.c.objc; path = IBLImage.m; sourceTree = "<group>"; };
		A479DBCD1C9C06E900EE8DE9 /* IBLImageCenter.h */ = {isa = PBXFileReference; fileEncoding = 4; lastKnownFileType = sourcecode.c.h; path = IBLImageCenter.h; sourceTree = "<group>"; };
		A479DBCE1C9C06E900EE8DE9 /* IBLImageCenter.m */ = {isa = PBXFileReference; fileEncoding = 4; lastKnownFileType = sourcecode.c.objc; path = IBLImageCenter.m; sourceTree = "<group>"; };
		A479DBCF1C9C06E900EE8DE9 /* IBLImageView+image.h */ = {isa = PBXFileReference; fileEncoding = 4; lastKnownFileType = sourcecode.c.h; path = "IBLImageView+image.h"; sourceTree = "<group>"; };
		A479DBD01C9C06E900EE8DE9 /* IBLImageView.h */ = {isa = PBXFileReference; fileEncoding = 4; lastKnownFileType = sourcecode.c.h; path = IBLImageView.h; sourceTree = "<group>"; };
		A479DBD11C9C06E900EE8DE9 /* IBLImageView.m */ = {isa = PBXFileReference; fileEncoding = 4; lastKnownFileType = sourcecode.c.objc; path = IBLImageView.m; sourceTree = "<group>"; };
		A479DBD21C9C06E900EE8DE9 /* IBLRender.h */ = {isa = PBXFileReference; fileEncoding = 4; lastKnownFileType = sourcecode.c.h; path = IBLRender.h; sourceTree = "<group>"; };
		A479DBD31C9C06E900EE8DE9 /* IBLRender.m */ = {isa = PBXFileReference; fileEncoding = 4; lastKnownFileType = sourcecode.c.objc; path = IBLRender.m; sourceTree = "<group>"; };
		A479DBD81C9C07C500EE8DE9 /* IBLIGifImageview.h */ = {isa = PBXFileReference; fileEncoding = 4; lastKnownFileType = sourcecode.c.h; path = IBLIGifImageview.h; sourceTree = "<group>"; };
/* End PBXFileReference section */

/* Begin PBXFrameworksBuildPhase section */
		A479DBB71C9C068300EE8DE9 /* Frameworks */ = {
			isa = PBXFrameworksBuildPhase;
			buildActionMask = 2147483647;
			files = (
			);
			runOnlyForDeploymentPostprocessing = 0;
		};
/* End PBXFrameworksBuildPhase section */

/* Begin PBXGroup section */
		A479DBB11C9C068300EE8DE9 = {
			isa = PBXGroup;
			children = (
				A479DBBC1C9C068300EE8DE9 /* IBLImageview */,
				A479DBBB1C9C068300EE8DE9 /* Products */,
			);
			sourceTree = "<group>";
		};
		A479DBBB1C9C068300EE8DE9 /* Products */ = {
			isa = PBXGroup;
			children = (
				A479DBBA1C9C068300EE8DE9 /* libIBLImageview.a */,
			);
			name = Products;
			sourceTree = "<group>";
		};
		A479DBBC1C9C068300EE8DE9 /* IBLImageview */ = {
			isa = PBXGroup;
			children = (
				A479DBC61C9C06E900EE8DE9 /* include */,
				A479DBC71C9C06E900EE8DE9 /* src */,
			);
			path = IBLImageview;
			sourceTree = "<group>";
		};
		A479DBC61C9C06E900EE8DE9 /* include */ = {
			isa = PBXGroup;
			children = (
				A479DBD81C9C07C500EE8DE9 /* IBLIGifImageview.h */,
			);
			path = include;
			sourceTree = "<group>";
		};
		A479DBC71C9C06E900EE8DE9 /* src */ = {
			isa = PBXGroup;
			children = (
				A479DBC81C9C06E900EE8DE9 /* Image */,
			);
			path = src;
			sourceTree = "<group>";
		};
		A479DBC81C9C06E900EE8DE9 /* Image */ = {
			isa = PBXGroup;
			children = (
				A479DBC91C9C06E900EE8DE9 /* IBLGIFImageView.h */,
				A479DBCA1C9C06E900EE8DE9 /* IBLGifImageViewDefine.h */,
				A479DBCB1C9C06E900EE8DE9 /* IBLImage.h */,
				A479DBCC1C9C06E900EE8DE9 /* IBLImage.m */,
				A479DBCD1C9C06E900EE8DE9 /* IBLImageCenter.h */,
				A479DBCE1C9C06E900EE8DE9 /* IBLImageCenter.m */,
				A479DBCF1C9C06E900EE8DE9 /* IBLImageView+image.h */,
				A479DBD01C9C06E900EE8DE9 /* IBLImageView.h */,
				A479DBD11C9C06E900EE8DE9 /* IBLImageView.m */,
				A479DBD21C9C06E900EE8DE9 /* IBLRender.h */,
				A479DBD31C9C06E900EE8DE9 /* IBLRender.m */,
			);
			path = Image;
			sourceTree = "<group>";
		};
/* End PBXGroup section */

/* Begin PBXNativeTarget section */
		A479DBB91C9C068300EE8DE9 /* IBLImageview */ = {
			isa = PBXNativeTarget;
			buildConfigurationList = A479DBC31C9C068300EE8DE9 /* Build configuration list for PBXNativeTarget "IBLImageview" */;
			buildPhases = (
				A479DBB61C9C068300EE8DE9 /* Sources */,
				A479DBB71C9C068300EE8DE9 /* Frameworks */,
				A479DBB81C9C068300EE8DE9 /* CopyFiles */,
			);
			buildRules = (
			);
			dependencies = (
			);
			name = IBLImageview;
			productName = IBLImageview;
			productReference = A479DBBA1C9C068300EE8DE9 /* libIBLImageview.a */;
			productType = "com.apple.product-type.library.static";
		};
/* End PBXNativeTarget section */

/* Begin PBXProject section */
		A479DBB21C9C068300EE8DE9 /* Project object */ = {
			isa = PBXProject;
			attributes = {
				LastUpgradeCheck = 0720;
				ORGANIZATIONNAME = simpossible;
				TargetAttributes = {
					A479DBB91C9C068300EE8DE9 = {
						CreatedOnToolsVersion = 7.2;
					};
				};
			};
			buildConfigurationList = A479DBB51C9C068300EE8DE9 /* Build configuration list for PBXProject "IBLImageview" */;
			compatibilityVersion = "Xcode 3.2";
			developmentRegion = English;
			hasScannedForEncodings = 0;
			knownRegions = (
				en,
			);
			mainGroup = A479DBB11C9C068300EE8DE9;
			productRefGroup = A479DBBB1C9C068300EE8DE9 /* Products */;
			projectDirPath = "";
			projectRoot = "";
			targets = (
				A479DBB91C9C068300EE8DE9 /* IBLImageview */,
			);
		};
/* End PBXProject section */

/* Begin PBXSourcesBuildPhase section */
		A479DBB61C9C068300EE8DE9 /* Sources */ = {
			isa = PBXSourcesBuildPhase;
			buildActionMask = 2147483647;
			files = (
				A479DBD61C9C06E900EE8DE9 /* IBLImageView.m in Sources */,
				A479DBD71C9C06E900EE8DE9 /* IBLRender.m in Sources */,
				A479DBD51C9C06E900EE8DE9 /* IBLImageCenter.m in Sources */,
				A479DBD41C9C06E900EE8DE9 /* IBLImage.m in Sources */,
			);
			runOnlyForDeploymentPostprocessing = 0;
		};
/* End PBXSourcesBuildPhase section */

/* Begin XCBuildConfiguration section */
		A479DBC11C9C068300EE8DE9 /* Debug */ = {
			isa = XCBuildConfiguration;
			buildSettings = {
				ALWAYS_SEARCH_USER_PATHS = NO;
				CLANG_CXX_LANGUAGE_STANDARD = "gnu++0x";
				CLANG_CXX_LIBRARY = "libc++";
				CLANG_ENABLE_MODULES = YES;
				CLANG_ENABLE_OBJC_ARC = YES;
				CLANG_WARN_BOOL_CONVERSION = YES;
				CLANG_WARN_CONSTANT_CONVERSION = YES;
				CLANG_WARN_DIRECT_OBJC_ISA_USAGE = YES_ERROR;
				CLANG_WARN_EMPTY_BODY = YES;
				CLANG_WARN_ENUM_CONVERSION = YES;
				CLANG_WARN_INT_CONVERSION = YES;
				CLANG_WARN_OBJC_ROOT_CLASS = YES_ERROR;
				CLANG_WARN_UNREACHABLE_CODE = YES;
				CLANG_WARN__DUPLICATE_METHOD_MATCH = YES;
				"CODE_SIGN_IDENTITY[sdk=iphoneos*]" = "iPhone Developer";
				COPY_PHASE_STRIP = NO;
				DEBUG_INFORMATION_FORMAT = dwarf;
				ENABLE_STRICT_OBJC_MSGSEND = YES;
				ENABLE_TESTABILITY = YES;
				GCC_C_LANGUAGE_STANDARD = gnu99;
				GCC_DYNAMIC_NO_PIC = NO;
				GCC_NO_COMMON_BLOCKS = YES;
				GCC_OPTIMIZATION_LEVEL = 0;
				GCC_PREPROCESSOR_DEFINITIONS = (
					"DEBUG=1",
					"$(inherited)",
				);
				GCC_WARN_64_TO_32_BIT_CONVERSION = YES;
				GCC_WARN_ABOUT_RETURN_TYPE = YES_ERROR;
				GCC_WARN_UNDECLARED_SELECTOR = YES;
				GCC_WARN_UNINITIALIZED_AUTOS = YES_AGGRESSIVE;
				GCC_WARN_UNUSED_FUNCTION = YES;
				GCC_WARN_UNUSED_VARIABLE = YES;
				IPHONEOS_DEPLOYMENT_TARGET = 9.2;
				MTL_ENABLE_DEBUG_INFO = YES;
				ONLY_ACTIVE_ARCH = YES;
				SDKROOT = iphoneos;
			};
			name = Debug;
		};
		A479DBC21C9C068300EE8DE9 /* Release */ = {
			isa = XCBuildConfiguration;
			buildSettings = {
				ALWAYS_SEARCH_USER_PATHS = NO;
				CLANG_CXX_LANGUAGE_STANDARD = "gnu++0x";
				CLANG_CXX_LIBRARY = "libc++";
				CLANG_ENABLE_MODULES = YES;
				CLANG_ENABLE_OBJC_ARC = YES;
				CLANG_WARN_BOOL_CONVERSION = YES;
				CLANG_WARN_CONSTANT_CONVERSION = YES;
				CLANG_WARN_DIRECT_OBJC_ISA_USAGE = YES_ERROR;
				CLANG_WARN_EMPTY_BODY = YES;
				CLANG_WARN_ENUM_CONVERSION = YES;
				CLANG_WARN_INT_CONVERSION = YES;
				CLANG_WARN_OBJC_ROOT_CLASS = YES_ERROR;
				CLANG_WARN_UNREACHABLE_CODE = YES;
				CLANG_WARN__DUPLICATE_METHOD_MATCH = YES;
				"CODE_SIGN_IDENTITY[sdk=iphoneos*]" = "iPhone Developer";
				COPY_PHASE_STRIP = NO;
				DEBUG_INFORMATION_FORMAT = "dwarf-with-dsym";
				ENABLE_NS_ASSERTIONS = NO;
				ENABLE_STRICT_OBJC_MSGSEND = YES;
				GCC_C_LANGUAGE_STANDARD = gnu99;
				GCC_NO_COMMON_BLOCKS = YES;
				GCC_WARN_64_TO_32_BIT_CONVERSION = YES;
				GCC_WARN_ABOUT_RETURN_TYPE = YES_ERROR;
				GCC_WARN_UNDECLARED_SELECTOR = YES;
				GCC_WARN_UNINITIALIZED_AUTOS = YES_AGGRESSIVE;
				GCC_WARN_UNUSED_FUNCTION = YES;
				GCC_WARN_UNUSED_VARIABLE = YES;
				IPHONEOS_DEPLOYMENT_TARGET = 9.2;
				MTL_ENABLE_DEBUG_INFO = NO;
				SDKROOT = iphoneos;
				VALIDATE_PRODUCT = YES;
			};
			name = Release;
		};
		A479DBC41C9C068300EE8DE9 /* Debug */ = {
			isa = XCBuildConfiguration;
			buildSettings = {
				OTHER_LDFLAGS = "-ObjC";
				PRODUCT_NAME = "$(TARGET_NAME)";
				SKIP_INSTALL = YES;
			};
			name = Debug;
		};
		A479DBC51C9C068300EE8DE9 /* Release */ = {
			isa = XCBuildConfiguration;
			buildSettings = {
				OTHER_LDFLAGS = "-ObjC";
				PRODUCT_NAME = "$(TARGET_NAME)";
				SKIP_INSTALL = YES;
			};
			name = Release;
		};
/* End XCBuildConfiguration section */

/* Begin XCConfigurationList section */
		A479DBB51C9C068300EE8DE9 /* Build configuration list for PBXProject "IBLImageview" */ = {
			isa = XCConfigurationList;
			buildConfigurations = (
				A479DBC11C9C068300EE8DE9 /* Debug */,
				A479DBC21C9C068300EE8DE9 /* Release */,
			);
			defaultConfigurationIsVisible = 0;
			defaultConfigurationName = Release;
		};
		A479DBC31C9C068300EE8DE9 /* Build configuration list for PBXNativeTarget "IBLImageview" */ = {
			isa = XCConfigurationList;
			buildConfigurations = (
				A479DBC41C9C068300EE8DE9 /* Debug */,
				A479DBC51C9C068300EE8DE9 /* Release */,
			);
			defaultConfigurationIsVisible = 0;
			defaultConfigurationName = Release;
		};
/* End XCConfigurationList section */
	};
	rootObject = A479DBB21C9C068300EE8DE9 /* Project object */;
}
