// !$*UTF8*$!
{
	archiveVersion = 1;
	classes = {
	};
	objectVersion = 46;
	objects = {

/* Begin PBXBuildFile section */
		A479DBE71C9C0A8A00EE8DE9 /* IBLImage.m in Sources */ = {isa = PBXBuildFile; fileRef = A479DBDF1C9C0A8A00EE8DE9 /* IBLImage.m */; };
		A479DBE81C9C0A8A00EE8DE9 /* IBLImageCenter.m in Sources */ = {isa = PBXBuildFile; fileRef = A479DBE11C9C0A8A00EE8DE9 /* IBLImageCenter.m */; };
		A479DBE91C9C0A8A00EE8DE9 /* IBLImageView.m in Sources */ = {isa = PBXBuildFile; fileRef = A479DBE31C9C0A8A00EE8DE9 /* IBLImageView.m */; };
		A479DBEA1C9C0A8A00EE8DE9 /* IBLRender.m in Sources */ = {isa = PBXBuildFile; fileRef = A479DBE61C9C0A8A00EE8DE9 /* IBLRender.m */; };
		A479DBF91C9C128400EE8DE9 /* IBLImage.h in CopyFiles */ = {isa = PBXBuildFile; fileRef = A479DBDE1C9C0A8A00EE8DE9 /* IBLImage.h */; };
		A479DBFD1C9C128400EE8DE9 /* IBLImageView.h in CopyFiles */ = {isa = PBXBuildFile; fileRef = A479DBE21C9C0A8A00EE8DE9 /* IBLImageView.h */; };
		A479DC131C9C151D00EE8DE9 /* IBLGifImageview.framework in Frameworks */ = {isa = PBXBuildFile; fileRef = A479DC091C9C151D00EE8DE9 /* IBLGifImageview.framework */; };
		A479DC181C9C151D00EE8DE9 /* IBLGifImageviewTests.m in Sources */ = {isa = PBXBuildFile; fileRef = A479DC171C9C151D00EE8DE9 /* IBLGifImageviewTests.m */; };
		A479DC351C9C174A00EE8DE9 /* IBLImage.m in Sources */ = {isa = PBXBuildFile; fileRef = A479DBDF1C9C0A8A00EE8DE9 /* IBLImage.m */; };
		A479DC361C9C174A00EE8DE9 /* IBLImageCenter.m in Sources */ = {isa = PBXBuildFile; fileRef = A479DBE11C9C0A8A00EE8DE9 /* IBLImageCenter.m */; };
		A479DC371C9C174A00EE8DE9 /* IBLImageView.m in Sources */ = {isa = PBXBuildFile; fileRef = A479DBE31C9C0A8A00EE8DE9 /* IBLImageView.m */; };
		A479DC391C9C176D00EE8DE9 /* IBLRender.m in Sources */ = {isa = PBXBuildFile; fileRef = A479DBE61C9C0A8A00EE8DE9 /* IBLRender.m */; };
		A479DC3D1C9C17EC00EE8DE9 /* IBLGifImageViewDefine.h in Headers */ = {isa = PBXBuildFile; fileRef = A479DBDD1C9C0A8A00EE8DE9 /* IBLGifImageViewDefine.h */; settings = {ATTRIBUTES = (Private, ); }; };
		A479DC3E1C9C17EC00EE8DE9 /* IBLImage.h in Headers */ = {isa = PBXBuildFile; fileRef = A479DBDE1C9C0A8A00EE8DE9 /* IBLImage.h */; settings = {ATTRIBUTES = (Private, ); }; };
		A479DC3F1C9C17EC00EE8DE9 /* IBLImageCenter.h in Headers */ = {isa = PBXBuildFile; fileRef = A479DBE01C9C0A8A00EE8DE9 /* IBLImageCenter.h */; settings = {ATTRIBUTES = (Private, ); }; };
		A479DC401C9C17EC00EE8DE9 /* IBLImageView.h in Headers */ = {isa = PBXBuildFile; fileRef = A479DBE21C9C0A8A00EE8DE9 /* IBLImageView.h */; settings = {ATTRIBUTES = (Private, ); }; };
		A479DC411C9C17EC00EE8DE9 /* IBLRender.h in Headers */ = {isa = PBXBuildFile; fileRef = A479DBE51C9C0A8A00EE8DE9 /* IBLRender.h */; settings = {ATTRIBUTES = (Private, ); }; };
		A479DC461C9C186500EE8DE9 /* IBLImageView+image.h in Headers */ = {isa = PBXBuildFile; fileRef = A479DC441C9C186500EE8DE9 /* IBLImageView+image.h */; settings = {ATTRIBUTES = (Public, ); }; };
		A479DC471C9C186500EE8DE9 /* IBLImageView+image.m in Sources */ = {isa = PBXBuildFile; fileRef = A479DC451C9C186500EE8DE9 /* IBLImageView+image.m */; };
		A479DC4D1C9C19B900EE8DE9 /* IBLImageView+image.h in Headers */ = {isa = PBXBuildFile; fileRef = A479DC441C9C186500EE8DE9 /* IBLImageView+image.h */; settings = {ATTRIBUTES = (Public, ); }; };
		A479DC4E1C9C19B900EE8DE9 /* IBLImage.h in Headers */ = {isa = PBXBuildFile; fileRef = A479DBDE1C9C0A8A00EE8DE9 /* IBLImage.h */; };
		A479DC4F1C9C19B900EE8DE9 /* IBLImageCenter.h in Headers */ = {isa = PBXBuildFile; fileRef = A479DBE01C9C0A8A00EE8DE9 /* IBLImageCenter.h */; };
		A479DC501C9C19B900EE8DE9 /* IBLImageView.h in Headers */ = {isa = PBXBuildFile; fileRef = A479DBE21C9C0A8A00EE8DE9 /* IBLImageView.h */; };
		A479DC511C9C19B900EE8DE9 /* IBLRender.h in Headers */ = {isa = PBXBuildFile; fileRef = A479DBE51C9C0A8A00EE8DE9 /* IBLRender.h */; };
/* End PBXBuildFile section */

/* Begin PBXContainerItemProxy section */
		A479DC141C9C151D00EE8DE9 /* PBXContainerItemProxy */ = {
			isa = PBXContainerItemProxy;
			containerPortal = A479DBB21C9C068300EE8DE9 /* Project object */;
			proxyType = 1;
			remoteGlobalIDString = A479DC081C9C151D00EE8DE9;
			remoteInfo = IBLGifImageview;
		};
/* End PBXContainerItemProxy section */

/* Begin PBXCopyFilesBuildPhase section */
		A479DBB81C9C068300EE8DE9 /* CopyFiles */ = {
			isa = PBXCopyFilesBuildPhase;
			buildActionMask = 2147483647;
			dstPath = "include/$(PRODUCT_NAME)";
			dstSubfolderSpec = 16;
			files = (
				A479DBF91C9C128400EE8DE9 /* IBLImage.h in CopyFiles */,
				A479DBFD1C9C128400EE8DE9 /* IBLImageView.h in CopyFiles */,
			);
			runOnlyForDeploymentPostprocessing = 0;
		};
		A479DC231C9C15FA00EE8DE9 /* CopyFiles */ = {
			isa = PBXCopyFilesBuildPhase;
			buildActionMask = 2147483647;
			dstPath = "";
			dstSubfolderSpec = 7;
			files = (
			);
			runOnlyForDeploymentPostprocessing = 0;
		};
/* End PBXCopyFilesBuildPhase section */

/* Begin PBXFileReference section */
		A479DBBA1C9C068300EE8DE9 /* libIBLImageview.a */ = {isa = PBXFileReference; explicitFileType = archive.ar; includeInIndex = 0; path = libIBLImageview.a; sourceTree = BUILT_PRODUCTS_DIR; };
		A479DBDD1C9C0A8A00EE8DE9 /* IBLGifImageViewDefine.h */ = {isa = PBXFileReference; fileEncoding = 4; lastKnownFileType = sourcecode.c.h; path = IBLGifImageViewDefine.h; sourceTree = "<group>"; };
		A479DBDE1C9C0A8A00EE8DE9 /* IBLImage.h */ = {isa = PBXFileReference; fileEncoding = 4; lastKnownFileType = sourcecode.c.h; path = IBLImage.h; sourceTree = "<group>"; };
		A479DBDF1C9C0A8A00EE8DE9 /* IBLImage.m */ = {isa = PBXFileReference; fileEncoding = 4; lastKnownFileType = sourcecode.c.objc; path = IBLImage.m; sourceTree = "<group>"; };
		A479DBE01C9C0A8A00EE8DE9 /* IBLImageCenter.h */ = {isa = PBXFileReference; fileEncoding = 4; lastKnownFileType = sourcecode.c.h; path = IBLImageCenter.h; sourceTree = "<group>"; };
		A479DBE11C9C0A8A00EE8DE9 /* IBLImageCenter.m */ = {isa = PBXFileReference; fileEncoding = 4; lastKnownFileType = sourcecode.c.objc; path = IBLImageCenter.m; sourceTree = "<group>"; };
		A479DBE21C9C0A8A00EE8DE9 /* IBLImageView.h */ = {isa = PBXFileReference; fileEncoding = 4; lastKnownFileType = sourcecode.c.h; path = IBLImageView.h; sourceTree = "<group>"; };
		A479DBE31C9C0A8A00EE8DE9 /* IBLImageView.m */ = {isa = PBXFileReference; fileEncoding = 4; lastKnownFileType = sourcecode.c.objc; path = IBLImageView.m; sourceTree = "<group>"; };
		A479DBE51C9C0A8A00EE8DE9 /* IBLRender.h */ = {isa = PBXFileReference; fileEncoding = 4; lastKnownFileType = sourcecode.c.h; path = IBLRender.h; sourceTree = "<group>"; };
		A479DBE61C9C0A8A00EE8DE9 /* IBLRender.m */ = {isa = PBXFileReference; fileEncoding = 4; lastKnownFileType = sourcecode.c.objc; path = IBLRender.m; sourceTree = "<group>"; };
		A479DC091C9C151D00EE8DE9 /* IBLGifImageview.framework */ = {isa = PBXFileReference; explicitFileType = wrapper.framework; includeInIndex = 0; path = IBLGifImageview.framework; sourceTree = BUILT_PRODUCTS_DIR; };
		A479DC0B1C9C151D00EE8DE9 /* IBLGifImageview.h */ = {isa = PBXFileReference; lastKnownFileType = sourcecode.c.h; path = IBLGifImageview.h; sourceTree = "<group>"; };
		A479DC0D1C9C151D00EE8DE9 /* Info.plist */ = {isa = PBXFileReference; lastKnownFileType = text.plist.xml; path = Info.plist; sourceTree = "<group>"; };
		A479DC121C9C151D00EE8DE9 /* IBLGifImageviewTests.xctest */ = {isa = PBXFileReference; explicitFileType = wrapper.cfbundle; includeInIndex = 0; path = IBLGifImageviewTests.xctest; sourceTree = BUILT_PRODUCTS_DIR; };
		A479DC171C9C151D00EE8DE9 /* IBLGifImageviewTests.m */ = {isa = PBXFileReference; lastKnownFileType = sourcecode.c.objc; path = IBLGifImageviewTests.m; sourceTree = "<group>"; };
		A479DC191C9C151D00EE8DE9 /* Info.plist */ = {isa = PBXFileReference; lastKnownFileType = text.plist.xml; path = Info.plist; sourceTree = "<group>"; };
		A479DC441C9C186500EE8DE9 /* IBLImageView+image.h */ = {isa = PBXFileReference; fileEncoding = 4; lastKnownFileType = sourcecode.c.h; path = "IBLImageView+image.h"; sourceTree = "<group>"; };
		A479DC451C9C186500EE8DE9 /* IBLImageView+image.m */ = {isa = PBXFileReference; fileEncoding = 4; lastKnownFileType = sourcecode.c.objc; path = "IBLImageView+image.m"; sourceTree = "<group>"; };
/* End PBXFileReference section */

/* Begin PBXFrameworksBuildPhase section */
		A479DBB71C9C068300EE8DE9 /* Frameworks */ = {
			isa = PBXFrameworksBuildPhase;
			buildActionMask = 2147483647;
			files = (
			);
			runOnlyForDeploymentPostprocessing = 0;
		};
		A479DC051C9C151D00EE8DE9 /* Frameworks */ = {
			isa = PBXFrameworksBuildPhase;
			buildActionMask = 2147483647;
			files = (
			);
			runOnlyForDeploymentPostprocessing = 0;
		};
		A479DC0F1C9C151D00EE8DE9 /* Frameworks */ = {
			isa = PBXFrameworksBuildPhase;
			buildActionMask = 2147483647;
			files = (
				A479DC131C9C151D00EE8DE9 /* IBLGifImageview.framework in Frameworks */,
			);
			runOnlyForDeploymentPostprocessing = 0;
		};
/* End PBXFrameworksBuildPhase section */

/* Begin PBXGroup section */
		A479DBB11C9C068300EE8DE9 = {
			isa = PBXGroup;
			children = (
				A479DBBC1C9C068300EE8DE9 /* IBLImageview */,
				A479DC0A1C9C151D00EE8DE9 /* IBLGifImageview */,
				A479DC161C9C151D00EE8DE9 /* IBLGifImageviewTests */,
				A479DBBB1C9C068300EE8DE9 /* Products */,
			);
			sourceTree = "<group>";
		};
		A479DBBB1C9C068300EE8DE9 /* Products */ = {
			isa = PBXGroup;
			children = (
				A479DBBA1C9C068300EE8DE9 /* libIBLImageview.a */,
				A479DC091C9C151D00EE8DE9 /* IBLGifImageview.framework */,
				A479DC121C9C151D00EE8DE9 /* IBLGifImageviewTests.xctest */,
			);
			name = Products;
			sourceTree = "<group>";
		};
		A479DBBC1C9C068300EE8DE9 /* IBLImageview */ = {
			isa = PBXGroup;
			children = (
				A479DBC61C9C06E900EE8DE9 /* include */,
				A479DBC71C9C06E900EE8DE9 /* src */,
			);
			path = IBLImageview;
			sourceTree = "<group>";
		};
		A479DBC61C9C06E900EE8DE9 /* include */ = {
			isa = PBXGroup;
			children = (
			);
			path = include;
			sourceTree = "<group>";
		};
		A479DBC71C9C06E900EE8DE9 /* src */ = {
			isa = PBXGroup;
			children = (
				A479DC441C9C186500EE8DE9 /* IBLImageView+image.h */,
				A479DC451C9C186500EE8DE9 /* IBLImageView+image.m */,
				A479DBC81C9C06E900EE8DE9 /* Image */,
			);
			path = src;
			sourceTree = "<group>";
		};
		A479DBC81C9C06E900EE8DE9 /* Image */ = {
			isa = PBXGroup;
			children = (
				A479DBDD1C9C0A8A00EE8DE9 /* IBLGifImageViewDefine.h */,
				A479DBDE1C9C0A8A00EE8DE9 /* IBLImage.h */,
				A479DBDF1C9C0A8A00EE8DE9 /* IBLImage.m */,
				A479DBE01C9C0A8A00EE8DE9 /* IBLImageCenter.h */,
				A479DBE11C9C0A8A00EE8DE9 /* IBLImageCenter.m */,
				A479DBE21C9C0A8A00EE8DE9 /* IBLImageView.h */,
				A479DBE31C9C0A8A00EE8DE9 /* IBLImageView.m */,
				A479DBE51C9C0A8A00EE8DE9 /* IBLRender.h */,
				A479DBE61C9C0A8A00EE8DE9 /* IBLRender.m */,
			);
			path = Image;
			sourceTree = "<group>";
		};
		A479DC0A1C9C151D00EE8DE9 /* IBLGifImageview */ = {
			isa = PBXGroup;
			children = (
				A479DC0B1C9C151D00EE8DE9 /* IBLGifImageview.h */,
				A479DC0D1C9C151D00EE8DE9 /* Info.plist */,
			);
			path = IBLGifImageview;
			sourceTree = "<group>";
		};
		A479DC161C9C151D00EE8DE9 /* IBLGifImageviewTests */ = {
			isa = PBXGroup;
			children = (
				A479DC171C9C151D00EE8DE9 /* IBLGifImageviewTests.m */,
				A479DC191C9C151D00EE8DE9 /* Info.plist */,
			);
			path = IBLGifImageviewTests;
			sourceTree = "<group>";
		};
/* End PBXGroup section */

/* Begin PBXHeadersBuildPhase section */
		A479DC061C9C151D00EE8DE9 /* Headers */ = {
			isa = PBXHeadersBuildPhase;
			buildActionMask = 2147483647;
			files = (
				A479DC461C9C186500EE8DE9 /* IBLImageView+image.h in Headers */,
				A479DC411C9C17EC00EE8DE9 /* IBLRender.h in Headers */,
				A479DC3D1C9C17EC00EE8DE9 /* IBLGifImageViewDefine.h in Headers */,
				A479DC3E1C9C17EC00EE8DE9 /* IBLImage.h in Headers */,
				A479DC3F1C9C17EC00EE8DE9 /* IBLImageCenter.h in Headers */,
				A479DC401C9C17EC00EE8DE9 /* IBLImageView.h in Headers */,
			);
			runOnlyForDeploymentPostprocessing = 0;
		};
		A479DC4C1C9C19AC00EE8DE9 /* Headers */ = {
			isa = PBXHeadersBuildPhase;
			buildActionMask = 2147483647;
			files = (
				A479DC4D1C9C19B900EE8DE9 /* IBLImageView+image.h in Headers */,
				A479DC4E1C9C19B900EE8DE9 /* IBLImage.h in Headers */,
				A479DC4F1C9C19B900EE8DE9 /* IBLImageCenter.h in Headers */,
				A479DC501C9C19B900EE8DE9 /* IBLImageView.h in Headers */,
				A479DC511C9C19B900EE8DE9 /* IBLRender.h in Headers */,
			);
			runOnlyForDeploymentPostprocessing = 0;
		};
/* End PBXHeadersBuildPhase section */

/* Begin PBXNativeTarget section */
		A479DBB91C9C068300EE8DE9 /* IBLImageview */ = {
			isa = PBXNativeTarget;
			buildConfigurationList = A479DBC31C9C068300EE8DE9 /* Build configuration list for PBXNativeTarget "IBLImageview" */;
			buildPhases = (
				A479DBB61C9C068300EE8DE9 /* Sources */,
				A479DBB71C9C068300EE8DE9 /* Frameworks */,
				A479DBB81C9C068300EE8DE9 /* CopyFiles */,
				A479DC4C1C9C19AC00EE8DE9 /* Headers */,
			);
			buildRules = (
			);
			dependencies = (
			);
			name = IBLImageview;
			productName = IBLImageview;
			productReference = A479DBBA1C9C068300EE8DE9 /* libIBLImageview.a */;
			productType = "com.apple.product-type.library.static";
		};
		A479DC081C9C151D00EE8DE9 /* IBLGifImageview */ = {
			isa = PBXNativeTarget;
			buildConfigurationList = A479DC1E1C9C151D00EE8DE9 /* Build configuration list for PBXNativeTarget "IBLGifImageview" */;
			buildPhases = (
				A479DC041C9C151D00EE8DE9 /* Sources */,
				A479DC051C9C151D00EE8DE9 /* Frameworks */,
				A479DC061C9C151D00EE8DE9 /* Headers */,
				A479DC071C9C151D00EE8DE9 /* Resources */,
				A479DC231C9C15FA00EE8DE9 /* CopyFiles */,
			);
			buildRules = (
			);
			dependencies = (
			);
			name = IBLGifImageview;
			productName = IBLGifImageview;
			productReference = A479DC091C9C151D00EE8DE9 /* IBLGifImageview.framework */;
			productType = "com.apple.product-type.framework";
		};
		A479DC111C9C151D00EE8DE9 /* IBLGifImageviewTests */ = {
			isa = PBXNativeTarget;
			buildConfigurationList = A479DC1F1C9C151D00EE8DE9 /* Build configuration list for PBXNativeTarget "IBLGifImageviewTests" */;
			buildPhases = (
				A479DC0E1C9C151D00EE8DE9 /* Sources */,
				A479DC0F1C9C151D00EE8DE9 /* Frameworks */,
				A479DC101C9C151D00EE8DE9 /* Resources */,
			);
			buildRules = (
			);
			dependencies = (
				A479DC151C9C151D00EE8DE9 /* PBXTargetDependency */,
			);
			name = IBLGifImageviewTests;
			productName = IBLGifImageviewTests;
			productReference = A479DC121C9C151D00EE8DE9 /* IBLGifImageviewTests.xctest */;
			productType = "com.apple.product-type.bundle.unit-test";
		};
/* End PBXNativeTarget section */

/* Begin PBXProject section */
		A479DBB21C9C068300EE8DE9 /* Project object */ = {
			isa = PBXProject;
			attributes = {
				LastUpgradeCheck = 0720;
				ORGANIZATIONNAME = simpossible;
				TargetAttributes = {
					A479DBB91C9C068300EE8DE9 = {
						CreatedOnToolsVersion = 7.2;
					};
					A479DC081C9C151D00EE8DE9 = {
						CreatedOnToolsVersion = 7.2;
					};
					A479DC111C9C151D00EE8DE9 = {
						CreatedOnToolsVersion = 7.2;
					};
				};
			};
			buildConfigurationList = A479DBB51C9C068300EE8DE9 /* Build configuration list for PBXProject "IBLImageview" */;
			compatibilityVersion = "Xcode 3.2";
			developmentRegion = English;
			hasScannedForEncodings = 0;
			knownRegions = (
				en,
			);
			mainGroup = A479DBB11C9C068300EE8DE9;
			productRefGroup = A479DBBB1C9C068300EE8DE9 /* Products */;
			projectDirPath = "";
			projectRoot = "";
			targets = (
				A479DBB91C9C068300EE8DE9 /* IBLImageview */,
				A479DC081C9C151D00EE8DE9 /* IBLGifImageview */,
				A479DC111C9C151D00EE8DE9 /* IBLGifImageviewTests */,
			);
		};
/* End PBXProject section */

/* Begin PBXResourcesBuildPhase section */
		A479DC071C9C151D00EE8DE9 /* Resources */ = {
			isa = PBXResourcesBuildPhase;
			buildActionMask = 2147483647;
			files = (
			);
			runOnlyForDeploymentPostprocessing = 0;
		};
		A479DC101C9C151D00EE8DE9 /* Resources */ = {
			isa = PBXResourcesBuildPhase;
			buildActionMask = 2147483647;
			files = (
			);
			runOnlyForDeploymentPostprocessing = 0;
		};
/* End PBXResourcesBuildPhase section */

/* Begin PBXSourcesBuildPhase section */
		A479DBB61C9C068300EE8DE9 /* Sources */ = {
			isa = PBXSourcesBuildPhase;
			buildActionMask = 2147483647;
			files = (
				A479DBE91C9C0A8A00EE8DE9 /* IBLImageView.m in Sources */,
				A479DBEA1C9C0A8A00EE8DE9 /* IBLRender.m in Sources */,
				A479DBE81C9C0A8A00EE8DE9 /* IBLImageCenter.m in Sources */,
				A479DBE71C9C0A8A00EE8DE9 /* IBLImage.m in Sources */,
			);
			runOnlyForDeploymentPostprocessing = 0;
		};
		A479DC041C9C151D00EE8DE9 /* Sources */ = {
			isa = PBXSourcesBuildPhase;
			buildActionMask = 2147483647;
			files = (
				A479DC391C9C176D00EE8DE9 /* IBLRender.m in Sources */,
				A479DC351C9C174A00EE8DE9 /* IBLImage.m in Sources */,
				A479DC361C9C174A00EE8DE9 /* IBLImageCenter.m in Sources */,
				A479DC371C9C174A00EE8DE9 /* IBLImageView.m in Sources */,
				A479DC471C9C186500EE8DE9 /* IBLImageView+image.m in Sources */,
			);
			runOnlyForDeploymentPostprocessing = 0;
		};
		A479DC0E1C9C151D00EE8DE9 /* Sources */ = {
			isa = PBXSourcesBuildPhase;
			buildActionMask = 2147483647;
			files = (
				A479DC181C9C151D00EE8DE9 /* IBLGifImageviewTests.m in Sources */,
			);
			runOnlyForDeploymentPostprocessing = 0;
		};
/* End PBXSourcesBuildPhase section */

/* Begin PBXTargetDependency section */
		A479DC151C9C151D00EE8DE9 /* PBXTargetDependency */ = {
			isa = PBXTargetDependency;
			target = A479DC081C9C151D00EE8DE9 /* IBLGifImageview */;
			targetProxy = A479DC141C9C151D00EE8DE9 /* PBXContainerItemProxy */;
		};
/* End PBXTargetDependency section */

/* Begin XCBuildConfiguration section */
		A479DBC11C9C068300EE8DE9 /* Debug */ = {
			isa = XCBuildConfiguration;
			buildSettings = {
				ALWAYS_SEARCH_USER_PATHS = NO;
				CLANG_CXX_LANGUAGE_STANDARD = "gnu++0x";
				CLANG_CXX_LIBRARY = "libc++";
				CLANG_ENABLE_MODULES = YES;
				CLANG_ENABLE_OBJC_ARC = YES;
				CLANG_WARN_BOOL_CONVERSION = YES;
				CLANG_WARN_CONSTANT_CONVERSION = YES;
				CLANG_WARN_DIRECT_OBJC_ISA_USAGE = YES_ERROR;
				CLANG_WARN_EMPTY_BODY = YES;
				CLANG_WARN_ENUM_CONVERSION = YES;
				CLANG_WARN_INT_CONVERSION = YES;
				CLANG_WARN_OBJC_ROOT_CLASS = YES_ERROR;
				CLANG_WARN_UNREACHABLE_CODE = YES;
				CLANG_WARN__DUPLICATE_METHOD_MATCH = YES;
				"CODE_SIGN_IDENTITY[sdk=iphoneos*]" = "iPhone Developer";
				COPY_PHASE_STRIP = NO;
				DEBUG_INFORMATION_FORMAT = dwarf;
				ENABLE_STRICT_OBJC_MSGSEND = YES;
				ENABLE_TESTABILITY = YES;
				GCC_C_LANGUAGE_STANDARD = gnu99;
				GCC_DYNAMIC_NO_PIC = NO;
				GCC_NO_COMMON_BLOCKS = YES;
				GCC_OPTIMIZATION_LEVEL = 0;
				GCC_PREPROCESSOR_DEFINITIONS = (
					"DEBUG=1",
					"$(inherited)",
				);
				GCC_WARN_64_TO_32_BIT_CONVERSION = YES;
				GCC_WARN_ABOUT_RETURN_TYPE = YES_ERROR;
				GCC_WARN_UNDECLARED_SELECTOR = YES;
				GCC_WARN_UNINITIALIZED_AUTOS = YES_AGGRESSIVE;
				GCC_WARN_UNUSED_FUNCTION = YES;
				GCC_WARN_UNUSED_VARIABLE = YES;
				IPHONEOS_DEPLOYMENT_TARGET = 9.2;
				MTL_ENABLE_DEBUG_INFO = YES;
				ONLY_ACTIVE_ARCH = YES;
				SDKROOT = iphoneos;
			};
			name = Debug;
		};
		A479DBC21C9C068300EE8DE9 /* Release */ = {
			isa = XCBuildConfiguration;
			buildSettings = {
				ALWAYS_SEARCH_USER_PATHS = NO;
				CLANG_CXX_LANGUAGE_STANDARD = "gnu++0x";
				CLANG_CXX_LIBRARY = "libc++";
				CLANG_ENABLE_MODULES = YES;
				CLANG_ENABLE_OBJC_ARC = YES;
				CLANG_WARN_BOOL_CONVERSION = YES;
				CLANG_WARN_CONSTANT_CONVERSION = YES;
				CLANG_WARN_DIRECT_OBJC_ISA_USAGE = YES_ERROR;
				CLANG_WARN_EMPTY_BODY = YES;
				CLANG_WARN_ENUM_CONVERSION = YES;
				CLANG_WARN_INT_CONVERSION = YES;
				CLANG_WARN_OBJC_ROOT_CLASS = YES_ERROR;
				CLANG_WARN_UNREACHABLE_CODE = YES;
				CLANG_WARN__DUPLICATE_METHOD_MATCH = YES;
				"CODE_SIGN_IDENTITY[sdk=iphoneos*]" = "iPhone Developer";
				COPY_PHASE_STRIP = NO;
				DEBUG_INFORMATION_FORMAT = "dwarf-with-dsym";
				ENABLE_NS_ASSERTIONS = NO;
				ENABLE_STRICT_OBJC_MSGSEND = YES;
				GCC_C_LANGUAGE_STANDARD = gnu99;
				GCC_NO_COMMON_BLOCKS = YES;
				GCC_WARN_64_TO_32_BIT_CONVERSION = YES;
				GCC_WARN_ABOUT_RETURN_TYPE = YES_ERROR;
				GCC_WARN_UNDECLARED_SELECTOR = YES;
				GCC_WARN_UNINITIALIZED_AUTOS = YES_AGGRESSIVE;
				GCC_WARN_UNUSED_FUNCTION = YES;
				GCC_WARN_UNUSED_VARIABLE = YES;
				IPHONEOS_DEPLOYMENT_TARGET = 9.2;
				MTL_ENABLE_DEBUG_INFO = NO;
				SDKROOT = iphoneos;
				VALIDATE_PRODUCT = YES;
			};
			name = Release;
		};
		A479DBC41C9C068300EE8DE9 /* Debug */ = {
			isa = XCBuildConfiguration;
			buildSettings = {
				HEADER_SEARCH_PATHS = "\"$(SRCROOT)/IBLImageview/src\"/**";
				OTHER_LDFLAGS = "-ObjC";
				PRODUCT_NAME = "$(TARGET_NAME)";
				SKIP_INSTALL = YES;
			};
			name = Debug;
		};
		A479DBC51C9C068300EE8DE9 /* Release */ = {
			isa = XCBuildConfiguration;
			buildSettings = {
				HEADER_SEARCH_PATHS = "\"$(SRCROOT)/IBLImageview/src\"/**";
				OTHER_LDFLAGS = "-ObjC";
				PRODUCT_NAME = "$(TARGET_NAME)";
				SKIP_INSTALL = YES;
			};
			name = Release;
		};
		A479DC1A1C9C151D00EE8DE9 /* Debug */ = {
			isa = XCBuildConfiguration;
			buildSettings = {
				CURRENT_PROJECT_VERSION = 1;
				DEFINES_MODULE = YES;
				DYLIB_COMPATIBILITY_VERSION = 1;
				DYLIB_CURRENT_VERSION = 1;
				DYLIB_INSTALL_NAME_BASE = "@rpath";
				INFOPLIST_FILE = IBLGifImageview/Info.plist;
				INSTALL_PATH = "$(LOCAL_LIBRARY_DIR)/Frameworks";
				LD_RUNPATH_SEARCH_PATHS = "$(inherited) @executable_path/Frameworks @loader_path/Frameworks";
				PRODUCT_BUNDLE_IDENTIFIER = com.ibellar.opensource.IBLGifImageview;
				PRODUCT_NAME = "$(TARGET_NAME)";
				SKIP_INSTALL = YES;
				TARGETED_DEVICE_FAMILY = "1,2";
				VERSIONING_SYSTEM = "apple-generic";
				VERSION_INFO_PREFIX = "";
			};
			name = Debug;
		};
		A479DC1B1C9C151D00EE8DE9 /* Release */ = {
			isa = XCBuildConfiguration;
			buildSettings = {
				CURRENT_PROJECT_VERSION = 1;
				DEFINES_MODULE = YES;
				DYLIB_COMPATIBILITY_VERSION = 1;
				DYLIB_CURRENT_VERSION = 1;
				DYLIB_INSTALL_NAME_BASE = "@rpath";
				INFOPLIST_FILE = IBLGifImageview/Info.plist;
				INSTALL_PATH = "$(LOCAL_LIBRARY_DIR)/Frameworks";
				LD_RUNPATH_SEARCH_PATHS = "$(inherited) @executable_path/Frameworks @loader_path/Frameworks";
				PRODUCT_BUNDLE_IDENTIFIER = com.ibellar.opensource.IBLGifImageview;
				PRODUCT_NAME = "$(TARGET_NAME)";
				SKIP_INSTALL = YES;
				TARGETED_DEVICE_FAMILY = "1,2";
				VERSIONING_SYSTEM = "apple-generic";
				VERSION_INFO_PREFIX = "";
			};
			name = Release;
		};
		A479DC1C1C9C151D00EE8DE9 /* Debug */ = {
			isa = XCBuildConfiguration;
			buildSettings = {
				INFOPLIST_FILE = IBLGifImageviewTests/Info.plist;
				LD_RUNPATH_SEARCH_PATHS = "$(inherited) @executable_path/Frameworks @loader_path/Frameworks";
				PRODUCT_BUNDLE_IDENTIFIER = com.ibellar.opensource.IBLGifImageviewTests;
				PRODUCT_NAME = "$(TARGET_NAME)";
			};
			name = Debug;
		};
		A479DC1D1C9C151D00EE8DE9 /* Release */ = {
			isa = XCBuildConfiguration;
			buildSettings = {
				INFOPLIST_FILE = IBLGifImageviewTests/Info.plist;
				LD_RUNPATH_SEARCH_PATHS = "$(inherited) @executable_path/Frameworks @loader_path/Frameworks";
				PRODUCT_BUNDLE_IDENTIFIER = com.ibellar.opensource.IBLGifImageviewTests;
				PRODUCT_NAME = "$(TARGET_NAME)";
			};
			name = Release;
		};
/* End XCBuildConfiguration section */

/* Begin XCConfigurationList section */
		A479DBB51C9C068300EE8DE9 /* Build configuration list for PBXProject "IBLImageview" */ = {
			isa = XCConfigurationList;
			buildConfigurations = (
				A479DBC11C9C068300EE8DE9 /* Debug */,
				A479DBC21C9C068300EE8DE9 /* Release */,
			);
			defaultConfigurationIsVisible = 0;
			defaultConfigurationName = Release;
		};
		A479DBC31C9C068300EE8DE9 /* Build configuration list for PBXNativeTarget "IBLImageview" */ = {
			isa = XCConfigurationList;
			buildConfigurations = (
				A479DBC41C9C068300EE8DE9 /* Debug */,
				A479DBC51C9C068300EE8DE9 /* Release */,
			);
			defaultConfigurationIsVisible = 0;
			defaultConfigurationName = Release;
		};
		A479DC1E1C9C151D00EE8DE9 /* Build configuration list for PBXNativeTarget "IBLGifImageview" */ = {
			isa = XCConfigurationList;
			buildConfigurations = (
				A479DC1A1C9C151D00EE8DE9 /* Debug */,
				A479DC1B1C9C151D00EE8DE9 /* Release */,
			);
			defaultConfigurationIsVisible = 0;
		};
		A479DC1F1C9C151D00EE8DE9 /* Build configuration list for PBXNativeTarget "IBLGifImageviewTests" */ = {
			isa = XCConfigurationList;
			buildConfigurations = (
				A479DC1C1C9C151D00EE8DE9 /* Debug */,
				A479DC1D1C9C151D00EE8DE9 /* Release */,
			);
			defaultConfigurationIsVisible = 0;
		};
/* End XCConfigurationList section */
	};
	rootObject = A479DBB21C9C068300EE8DE9 /* Project object */;
}
