// !$*UTF8*$!
{
	archiveVersion = 1;
	classes = {
	};
	objectVersion = 46;
	objects = {

/* Begin PBXBuildFile section */
		A475C64B1C5F025700966D67 /* IBLImageviewTests.m in Sources */ = {isa = PBXBuildFile; fileRef = A475C64A1C5F025700966D67 /* IBLImageviewTests.m */; };
		A475C68E1C5F22A700966D67 /* iblimageview.h in CopyFiles */ = {isa = PBXBuildFile; fileRef = A475C68D1C5F22A700966D67 /* iblimageview.h */; };
		A475C6941C5F22BB00966D67 /* IBLImage.m in Sources */ = {isa = PBXBuildFile; fileRef = A475C66E1C5F04E500966D67 /* IBLImage.m */; };
		A475C6951C5F22BB00966D67 /* IBLImageCenter.m in Sources */ = {isa = PBXBuildFile; fileRef = A475C6701C5F04E500966D67 /* IBLImageCenter.m */; };
		A475C6961C5F22BB00966D67 /* IBLImageView.m in Sources */ = {isa = PBXBuildFile; fileRef = A475C6731C5F04E500966D67 /* IBLImageView.m */; };
		A475C6971C5F22BB00966D67 /* IBLRender.m in Sources */ = {isa = PBXBuildFile; fileRef = A475C6751C5F04E500966D67 /* IBLRender.m */; };
		A475C6A51C5F247300966D67 /* IBLImage.m in Sources */ = {isa = PBXBuildFile; fileRef = A475C66E1C5F04E500966D67 /* IBLImage.m */; };
		A475C6A61C5F247300966D67 /* IBLImageCenter.m in Sources */ = {isa = PBXBuildFile; fileRef = A475C6701C5F04E500966D67 /* IBLImageCenter.m */; };
		A475C6A71C5F247300966D67 /* IBLImageView.m in Sources */ = {isa = PBXBuildFile; fileRef = A475C6731C5F04E500966D67 /* IBLImageView.m */; };
		A475C6A81C5F247300966D67 /* IBLRender.m in Sources */ = {isa = PBXBuildFile; fileRef = A475C6751C5F04E500966D67 /* IBLRender.m */; };
		A475C6A91C5F25F800966D67 /* IBLImageview.h in CopyFiles */ = {isa = PBXBuildFile; fileRef = A475C6821C5F0FAE00966D67 /* IBLImageview.h */; };
/* End PBXBuildFile section */

/* Begin PBXCopyFilesBuildPhase section */
		A475C6891C5F22A700966D67 /* CopyFiles */ = {
			isa = PBXCopyFilesBuildPhase;
			buildActionMask = 2147483647;
			dstPath = "include/$(PRODUCT_NAME)";
			dstSubfolderSpec = 16;
			files = (
				A475C68E1C5F22A700966D67 /* iblimageview.h in CopyFiles */,
			);
			runOnlyForDeploymentPostprocessing = 0;
		};
		A475C69A1C5F245F00966D67 /* CopyFiles */ = {
			isa = PBXCopyFilesBuildPhase;
			buildActionMask = 2147483647;
			dstPath = "include/$(PRODUCT_NAME)";
			dstSubfolderSpec = 16;
			files = (
				A475C6A91C5F25F800966D67 /* IBLImageview.h in CopyFiles */,
			);
			runOnlyForDeploymentPostprocessing = 0;
		};
/* End PBXCopyFilesBuildPhase section */

/* Begin PBXFileReference section */
		A475C6401C5F025700966D67 /* Info.plist */ = {isa = PBXFileReference; lastKnownFileType = text.plist.xml; path = Info.plist; sourceTree = "<group>"; };
		A475C6451C5F025700966D67 /* IBLImageviewTests.xctest */ = {isa = PBXFileReference; explicitFileType = wrapper.cfbundle; includeInIndex = 0; path = IBLImageviewTests.xctest; sourceTree = BUILT_PRODUCTS_DIR; };
		A475C64A1C5F025700966D67 /* IBLImageviewTests.m */ = {isa = PBXFileReference; lastKnownFileType = sourcecode.c.objc; path = IBLImageviewTests.m; sourceTree = "<group>"; };
		A475C64C1C5F025700966D67 /* Info.plist */ = {isa = PBXFileReference; lastKnownFileType = text.plist.xml; path = Info.plist; sourceTree = "<group>"; };
		A475C66D1C5F04E500966D67 /* IBLImage.h */ = {isa = PBXFileReference; fileEncoding = 4; lastKnownFileType = sourcecode.c.h; path = IBLImage.h; sourceTree = "<group>"; };
		A475C66E1C5F04E500966D67 /* IBLImage.m */ = {isa = PBXFileReference; fileEncoding = 4; lastKnownFileType = sourcecode.c.objc; path = IBLImage.m; sourceTree = "<group>"; };
		A475C66F1C5F04E500966D67 /* IBLImageCenter.h */ = {isa = PBXFileReference; fileEncoding = 4; lastKnownFileType = sourcecode.c.h; path = IBLImageCenter.h; sourceTree = "<group>"; };
		A475C6701C5F04E500966D67 /* IBLImageCenter.m */ = {isa = PBXFileReference; fileEncoding = 4; lastKnownFileType = sourcecode.c.objc; path = IBLImageCenter.m; sourceTree = "<group>"; };
		A475C6711C5F04E500966D67 /* IBLImageView+image.h */ = {isa = PBXFileReference; fileEncoding = 4; lastKnownFileType = sourcecode.c.h; path = "IBLImageView+image.h"; sourceTree = "<group>"; };
		A475C6721C5F04E500966D67 /* IBLImageView.h */ = {isa = PBXFileReference; fileEncoding = 4; lastKnownFileType = sourcecode.c.h; path = IBLImageView.h; sourceTree = "<group>"; };
		A475C6731C5F04E500966D67 /* IBLImageView.m */ = {isa = PBXFileReference; fileEncoding = 4; lastKnownFileType = sourcecode.c.objc; path = IBLImageView.m; sourceTree = "<group>"; };
		A475C6741C5F04E500966D67 /* IBLRender.h */ = {isa = PBXFileReference; fileEncoding = 4; lastKnownFileType = sourcecode.c.h; path = IBLRender.h; sourceTree = "<group>"; };
		A475C6751C5F04E500966D67 /* IBLRender.m */ = {isa = PBXFileReference; fileEncoding = 4; lastKnownFileType = sourcecode.c.objc; path = IBLRender.m; sourceTree = "<group>"; };
		A475C6821C5F0FAE00966D67 /* IBLImageview.h */ = {isa = PBXFileReference; fileEncoding = 4; lastKnownFileType = sourcecode.c.h; path = IBLImageview.h; sourceTree = "<group>"; };
		A475C68B1C5F22A700966D67 /* libiblimageview.a */ = {isa = PBXFileReference; explicitFileType = archive.ar; includeInIndex = 0; path = libiblimageview.a; sourceTree = BUILT_PRODUCTS_DIR; };
		A475C68D1C5F22A700966D67 /* iblimageview.h */ = {isa = PBXFileReference; lastKnownFileType = sourcecode.c.h; path = iblimageview.h; sourceTree = "<group>"; };
		A475C68F1C5F22A800966D67 /* iblimageview.m */ = {isa = PBXFileReference; lastKnownFileType = sourcecode.c.objc; path = iblimageview.m; sourceTree = "<group>"; };
		A475C69C1C5F245F00966D67 /* libIBLImageview.a */ = {isa = PBXFileReference; explicitFileType = archive.ar; includeInIndex = 0; path = libIBLImageview.a; sourceTree = BUILT_PRODUCTS_DIR; };
		A475C69E1C5F245F00966D67 /* IBLImageview.h */ = {isa = PBXFileReference; lastKnownFileType = sourcecode.c.h; path = IBLImageview.h; sourceTree = "<group>"; };
		A475C6A01C5F245F00966D67 /* IBLImageview.m */ = {isa = PBXFileReference; lastKnownFileType = sourcecode.c.objc; path = IBLImageview.m; sourceTree = "<group>"; };
/* End PBXFileReference section */

/* Begin PBXFrameworksBuildPhase section */
		A475C6421C5F025700966D67 /* Frameworks */ = {
			isa = PBXFrameworksBuildPhase;
			buildActionMask = 2147483647;
			files = (
			);
			runOnlyForDeploymentPostprocessing = 0;
		};
		A475C6881C5F22A700966D67 /* Frameworks */ = {
			isa = PBXFrameworksBuildPhase;
			buildActionMask = 2147483647;
			files = (
			);
			runOnlyForDeploymentPostprocessing = 0;
		};
		A475C6991C5F245F00966D67 /* Frameworks */ = {
			isa = PBXFrameworksBuildPhase;
			buildActionMask = 2147483647;
			files = (
			);
			runOnlyForDeploymentPostprocessing = 0;
		};
/* End PBXFrameworksBuildPhase section */

/* Begin PBXGroup section */
		A475C6311C5F025700966D67 = {
			isa = PBXGroup;
			children = (
				A475C63D1C5F025700966D67 /* IBLImageview */,
				A475C6491C5F025700966D67 /* IBLImageviewTests */,
				A475C68C1C5F22A700966D67 /* iblimageview */,
				A475C69D1C5F245F00966D67 /* IBLImageview */,
				A475C63C1C5F025700966D67 /* Products */,
			);
			sourceTree = "<group>";
			usesTabs = 0;
		};
		A475C63C1C5F025700966D67 /* Products */ = {
			isa = PBXGroup;
			children = (
				A475C6451C5F025700966D67 /* IBLImageviewTests.xctest */,
				A475C68B1C5F22A700966D67 /* libiblimageview.a */,
				A475C69C1C5F245F00966D67 /* libIBLImageview.a */,
			);
			name = Products;
			sourceTree = "<group>";
		};
		A475C63D1C5F025700966D67 /* IBLImageview */ = {
			isa = PBXGroup;
			children = (
				A475C66A1C5F04E500966D67 /* inlcude */,
				A475C66B1C5F04E500966D67 /* src */,
				A475C6401C5F025700966D67 /* Info.plist */,
			);
			path = IBLImageview;
			sourceTree = "<group>";
		};
		A475C6491C5F025700966D67 /* IBLImageviewTests */ = {
			isa = PBXGroup;
			children = (
				A475C64A1C5F025700966D67 /* IBLImageviewTests.m */,
				A475C64C1C5F025700966D67 /* Info.plist */,
			);
			path = IBLImageviewTests;
			sourceTree = "<group>";
		};
		A475C66A1C5F04E500966D67 /* inlcude */ = {
			isa = PBXGroup;
			children = (
				A475C6821C5F0FAE00966D67 /* IBLImageview.h */,
			);
			path = inlcude;
			sourceTree = "<group>";
		};
		A475C66B1C5F04E500966D67 /* src */ = {
			isa = PBXGroup;
			children = (
				A475C66C1C5F04E500966D67 /* Image */,
			);
			path = src;
			sourceTree = "<group>";
		};
		A475C66C1C5F04E500966D67 /* Image */ = {
			isa = PBXGroup;
			children = (
				A475C66D1C5F04E500966D67 /* IBLImage.h */,
				A475C66E1C5F04E500966D67 /* IBLImage.m */,
				A475C66F1C5F04E500966D67 /* IBLImageCenter.h */,
				A475C6701C5F04E500966D67 /* IBLImageCenter.m */,
				A475C6711C5F04E500966D67 /* IBLImageView+image.h */,
				A475C6721C5F04E500966D67 /* IBLImageView.h */,
				A475C6731C5F04E500966D67 /* IBLImageView.m */,
				A475C6741C5F04E500966D67 /* IBLRender.h */,
				A475C6751C5F04E500966D67 /* IBLRender.m */,
			);
			path = Image;
			sourceTree = "<group>";
		};
		A475C68C1C5F22A700966D67 /* iblimageview */ = {
			isa = PBXGroup;
			children = (
				A475C68D1C5F22A700966D67 /* iblimageview.h */,
				A475C68F1C5F22A800966D67 /* iblimageview.m */,
			);
			path = iblimageview;
			sourceTree = "<group>";
		};
		A475C69D1C5F245F00966D67 /* IBLImageview */ = {
			isa = PBXGroup;
			children = (
				A475C69E1C5F245F00966D67 /* IBLImageview.h */,
				A475C6A01C5F245F00966D67 /* IBLImageview.m */,
			);
			path = IBLImageview;
			sourceTree = "<group>";
		};
/* End PBXGroup section */

/* Begin PBXNativeTarget section */
		A475C6441C5F025700966D67 /* IBLImageviewTests */ = {
			isa = PBXNativeTarget;
			buildConfigurationList = A475C6521C5F025700966D67 /* Build configuration list for PBXNativeTarget "IBLImageviewTests" */;
			buildPhases = (
				A475C6411C5F025700966D67 /* Sources */,
				A475C6421C5F025700966D67 /* Frameworks */,
				A475C6431C5F025700966D67 /* Resources */,
			);
			buildRules = (
			);
			dependencies = (
			);
			name = IBLImageviewTests;
			productName = IBLImageviewTests;
			productReference = A475C6451C5F025700966D67 /* IBLImageviewTests.xctest */;
			productType = "com.apple.product-type.bundle.unit-test";
		};
		A475C68A1C5F22A700966D67 /* iblimageview */ = {
			isa = PBXNativeTarget;
			buildConfigurationList = A475C6911C5F22A800966D67 /* Build configuration list for PBXNativeTarget "iblimageview" */;
			buildPhases = (
				A475C6871C5F22A700966D67 /* Sources */,
				A475C6881C5F22A700966D67 /* Frameworks */,
				A475C6891C5F22A700966D67 /* CopyFiles */,
			);
			buildRules = (
			);
			dependencies = (
			);
			name = iblimageview;
			productName = iblimageview;
			productReference = A475C68B1C5F22A700966D67 /* libiblimageview.a */;
			productType = "com.apple.product-type.library.static";
		};
		A475C69B1C5F245F00966D67 /* IBLImageview */ = {
			isa = PBXNativeTarget;
			buildConfigurationList = A475C6A21C5F245F00966D67 /* Build configuration list for PBXNativeTarget "IBLImageview" */;
			buildPhases = (
				A475C6981C5F245F00966D67 /* Sources */,
				A475C6991C5F245F00966D67 /* Frameworks */,
				A475C69A1C5F245F00966D67 /* CopyFiles */,
			);
			buildRules = (
			);
			dependencies = (
			);
			name = IBLImageview;
			productName = IBLImageview;
			productReference = A475C69C1C5F245F00966D67 /* libIBLImageview.a */;
			productType = "com.apple.product-type.library.static";
		};
/* End PBXNativeTarget section */

/* Begin PBXProject section */
		A475C6321C5F025700966D67 /* Project object */ = {
			isa = PBXProject;
			attributes = {
				LastUpgradeCheck = 0720;
				ORGANIZATIONNAME = simpossible;
				TargetAttributes = {
					A475C6441C5F025700966D67 = {
						CreatedOnToolsVersion = 7.2;
					};
					A475C68A1C5F22A700966D67 = {
						CreatedOnToolsVersion = 7.2;
					};
					A475C69B1C5F245F00966D67 = {
						CreatedOnToolsVersion = 7.2;
					};
				};
			};
			buildConfigurationList = A475C6351C5F025700966D67 /* Build configuration list for PBXProject "IBLImageview" */;
			compatibilityVersion = "Xcode 3.2";
			developmentRegion = English;
			hasScannedForEncodings = 0;
			knownRegions = (
				en,
			);
			mainGroup = A475C6311C5F025700966D67;
			productRefGroup = A475C63C1C5F025700966D67 /* Products */;
			projectDirPath = "";
			projectRoot = "";
			targets = (
				A475C68A1C5F22A700966D67 /* iblimageview */,
				A475C6441C5F025700966D67 /* IBLImageviewTests */,
				A475C69B1C5F245F00966D67 /* IBLImageview */,
			);
		};
/* End PBXProject section */

/* Begin PBXResourcesBuildPhase section */
		A475C6431C5F025700966D67 /* Resources */ = {
			isa = PBXResourcesBuildPhase;
			buildActionMask = 2147483647;
			files = (
			);
			runOnlyForDeploymentPostprocessing = 0;
		};
/* End PBXResourcesBuildPhase section */

/* Begin PBXSourcesBuildPhase section */
		A475C6411C5F025700966D67 /* Sources */ = {
			isa = PBXSourcesBuildPhase;
			buildActionMask = 2147483647;
			files = (
				A475C64B1C5F025700966D67 /* IBLImageviewTests.m in Sources */,
			);
			runOnlyForDeploymentPostprocessing = 0;
		};
		A475C6871C5F22A700966D67 /* Sources */ = {
			isa = PBXSourcesBuildPhase;
			buildActionMask = 2147483647;
			files = (
				A475C6941C5F22BB00966D67 /* IBLImage.m in Sources */,
				A475C6951C5F22BB00966D67 /* IBLImageCenter.m in Sources */,
				A475C6961C5F22BB00966D67 /* IBLImageView.m in Sources */,
				A475C6971C5F22BB00966D67 /* IBLRender.m in Sources */,
			);
			runOnlyForDeploymentPostprocessing = 0;
		};
		A475C6981C5F245F00966D67 /* Sources */ = {
			isa = PBXSourcesBuildPhase;
			buildActionMask = 2147483647;
			files = (
				A475C6A51C5F247300966D67 /* IBLImage.m in Sources */,
				A475C6A61C5F247300966D67 /* IBLImageCenter.m in Sources */,
				A475C6A71C5F247300966D67 /* IBLImageView.m in Sources */,
				A475C6A81C5F247300966D67 /* IBLRender.m in Sources */,
			);
			runOnlyForDeploymentPostprocessing = 0;
		};
/* End PBXSourcesBuildPhase section */

/* Begin XCBuildConfiguration section */
		A475C64D1C5F025700966D67 /* Debug */ = {
			isa = XCBuildConfiguration;
			buildSettings = {
				ALWAYS_SEARCH_USER_PATHS = NO;
				CLANG_CXX_LANGUAGE_STANDARD = "gnu++0x";
				CLANG_CXX_LIBRARY = "libc++";
				CLANG_ENABLE_MODULES = YES;
				CLANG_ENABLE_OBJC_ARC = YES;
				CLANG_WARN_BOOL_CONVERSION = YES;
				CLANG_WARN_CONSTANT_CONVERSION = YES;
				CLANG_WARN_DIRECT_OBJC_ISA_USAGE = YES_ERROR;
				CLANG_WARN_EMPTY_BODY = YES;
				CLANG_WARN_ENUM_CONVERSION = YES;
				CLANG_WARN_INT_CONVERSION = YES;
				CLANG_WARN_OBJC_ROOT_CLASS = YES_ERROR;
				CLANG_WARN_UNREACHABLE_CODE = YES;
				CLANG_WARN__DUPLICATE_METHOD_MATCH = YES;
				"CODE_SIGN_IDENTITY[sdk=iphoneos*]" = "iPhone Developer";
				COPY_PHASE_STRIP = NO;
				CURRENT_PROJECT_VERSION = 1;
				DEBUG_INFORMATION_FORMAT = dwarf;
				ENABLE_STRICT_OBJC_MSGSEND = YES;
				ENABLE_TESTABILITY = YES;
				GCC_C_LANGUAGE_STANDARD = gnu99;
				GCC_DYNAMIC_NO_PIC = NO;
				GCC_NO_COMMON_BLOCKS = YES;
				GCC_OPTIMIZATION_LEVEL = 0;
				GCC_PREPROCESSOR_DEFINITIONS = (
					"DEBUG=1",
					"$(inherited)",
				);
				GCC_WARN_64_TO_32_BIT_CONVERSION = YES;
				GCC_WARN_ABOUT_RETURN_TYPE = YES_ERROR;
				GCC_WARN_UNDECLARED_SELECTOR = YES;
				GCC_WARN_UNINITIALIZED_AUTOS = YES_AGGRESSIVE;
				GCC_WARN_UNUSED_FUNCTION = YES;
				GCC_WARN_UNUSED_VARIABLE = YES;
				IPHONEOS_DEPLOYMENT_TARGET = 9.2;
				MTL_ENABLE_DEBUG_INFO = YES;
				ONLY_ACTIVE_ARCH = YES;
				SDKROOT = iphoneos;
				TARGETED_DEVICE_FAMILY = "1,2";
				VERSIONING_SYSTEM = "apple-generic";
				VERSION_INFO_PREFIX = "";
			};
			name = Debug;
		};
		A475C64E1C5F025700966D67 /* Release */ = {
			isa = XCBuildConfiguration;
			buildSettings = {
				ALWAYS_SEARCH_USER_PATHS = NO;
				CLANG_CXX_LANGUAGE_STANDARD = "gnu++0x";
				CLANG_CXX_LIBRARY = "libc++";
				CLANG_ENABLE_MODULES = YES;
				CLANG_ENABLE_OBJC_ARC = YES;
				CLANG_WARN_BOOL_CONVERSION = YES;
				CLANG_WARN_CONSTANT_CONVERSION = YES;
				CLANG_WARN_DIRECT_OBJC_ISA_USAGE = YES_ERROR;
				CLANG_WARN_EMPTY_BODY = YES;
				CLANG_WARN_ENUM_CONVERSION = YES;
				CLANG_WARN_INT_CONVERSION = YES;
				CLANG_WARN_OBJC_ROOT_CLASS = YES_ERROR;
				CLANG_WARN_UNREACHABLE_CODE = YES;
				CLANG_WARN__DUPLICATE_METHOD_MATCH = YES;
				"CODE_SIGN_IDENTITY[sdk=iphoneos*]" = "iPhone Developer";
				COPY_PHASE_STRIP = NO;
				CURRENT_PROJECT_VERSION = 1;
				DEBUG_INFORMATION_FORMAT = "dwarf-with-dsym";
				ENABLE_NS_ASSERTIONS = NO;
				ENABLE_STRICT_OBJC_MSGSEND = YES;
				GCC_C_LANGUAGE_STANDARD = gnu99;
				GCC_NO_COMMON_BLOCKS = YES;
				GCC_WARN_64_TO_32_BIT_CONVERSION = YES;
				GCC_WARN_ABOUT_RETURN_TYPE = YES_ERROR;
				GCC_WARN_UNDECLARED_SELECTOR = YES;
				GCC_WARN_UNINITIALIZED_AUTOS = YES_AGGRESSIVE;
				GCC_WARN_UNUSED_FUNCTION = YES;
				GCC_WARN_UNUSED_VARIABLE = YES;
				IPHONEOS_DEPLOYMENT_TARGET = 9.2;
				MTL_ENABLE_DEBUG_INFO = NO;
				SDKROOT = iphoneos;
				TARGETED_DEVICE_FAMILY = "1,2";
				VALIDATE_PRODUCT = YES;
				VERSIONING_SYSTEM = "apple-generic";
				VERSION_INFO_PREFIX = "";
			};
			name = Release;
		};
		A475C6531C5F025700966D67 /* Debug */ = {
			isa = XCBuildConfiguration;
			buildSettings = {
				INFOPLIST_FILE = IBLImageviewTests/Info.plist;
				LD_RUNPATH_SEARCH_PATHS = "$(inherited) @executable_path/Frameworks @loader_path/Frameworks";
				PRODUCT_BUNDLE_IDENTIFIER = com.ibellar.opensource.IBLImageviewTests;
				PRODUCT_NAME = "$(TARGET_NAME)";
			};
			name = Debug;
		};
		A475C6541C5F025700966D67 /* Release */ = {
			isa = XCBuildConfiguration;
			buildSettings = {
				INFOPLIST_FILE = IBLImageviewTests/Info.plist;
				LD_RUNPATH_SEARCH_PATHS = "$(inherited) @executable_path/Frameworks @loader_path/Frameworks";
				PRODUCT_BUNDLE_IDENTIFIER = com.ibellar.opensource.IBLImageviewTests;
				PRODUCT_NAME = "$(TARGET_NAME)";
			};
			name = Release;
		};
		A475C6921C5F22A800966D67 /* Debug */ = {
			isa = XCBuildConfiguration;
			buildSettings = {
				OTHER_LDFLAGS = "-ObjC";
				PRODUCT_NAME = "$(TARGET_NAME)";
				SKIP_INSTALL = YES;
			};
			name = Debug;
		};
		A475C6931C5F22A800966D67 /* Release */ = {
			isa = XCBuildConfiguration;
			buildSettings = {
				OTHER_LDFLAGS = "-ObjC";
				PRODUCT_NAME = "$(TARGET_NAME)";
				SKIP_INSTALL = YES;
			};
			name = Release;
		};
		A475C6A31C5F245F00966D67 /* Debug */ = {
			isa = XCBuildConfiguration;
			buildSettings = {
				OTHER_LDFLAGS = "-ObjC";
				PRODUCT_NAME = "$(TARGET_NAME)";
				SKIP_INSTALL = YES;
			};
			name = Debug;
		};
		A475C6A41C5F245F00966D67 /* Release */ = {
			isa = XCBuildConfiguration;
			buildSettings = {
				OTHER_LDFLAGS = "-ObjC";
				PRODUCT_NAME = "$(TARGET_NAME)";
				SKIP_INSTALL = YES;
			};
			name = Release;
		};
/* End XCBuildConfiguration section */

/* Begin XCConfigurationList section */
		A475C6351C5F025700966D67 /* Build configuration list for PBXProject "IBLImageview" */ = {
			isa = XCConfigurationList;
			buildConfigurations = (
				A475C64D1C5F025700966D67 /* Debug */,
				A475C64E1C5F025700966D67 /* Release */,
			);
			defaultConfigurationIsVisible = 0;
			defaultConfigurationName = Release;
		};
		A475C6521C5F025700966D67 /* Build configuration list for PBXNativeTarget "IBLImageviewTests" */ = {
			isa = XCConfigurationList;
			buildConfigurations = (
				A475C6531C5F025700966D67 /* Debug */,
				A475C6541C5F025700966D67 /* Release */,
			);
			defaultConfigurationIsVisible = 0;
			defaultConfigurationName = Release;
		};
		A475C6911C5F22A800966D67 /* Build configuration list for PBXNativeTarget "iblimageview" */ = {
			isa = XCConfigurationList;
			buildConfigurations = (
				A475C6921C5F22A800966D67 /* Debug */,
				A475C6931C5F22A800966D67 /* Release */,
			);
			defaultConfigurationIsVisible = 0;
			defaultConfigurationName = Release;
		};
		A475C6A21C5F245F00966D67 /* Build configuration list for PBXNativeTarget "IBLImageview" */ = {
			isa = XCConfigurationList;
			buildConfigurations = (
				A475C6A31C5F245F00966D67 /* Debug */,
				A475C6A41C5F245F00966D67 /* Release */,
			);
			defaultConfigurationIsVisible = 0;
			defaultConfigurationName = Release;
		};
/* End XCConfigurationList section */
	};
	rootObject = A475C6321C5F025700966D67 /* Project object */;
}
